// !$*UTF8*$!
{
	archiveVersion = 1;
	classes = {
	};
	objectVersion = 51;
	objects = {

/* Begin PBXBuildFile section */
		1013D3D1259687EF00888FBE /* noWifi.json in Resources */ = {isa = PBXBuildFile; fileRef = 1013D3D0259687EF00888FBE /* noWifi.json */; };
		1013D3D6259779FA00888FBE /* APITests.swift in Sources */ = {isa = PBXBuildFile; fileRef = 1013D3D5259779FA00888FBE /* APITests.swift */; };
		1013D3DB25977AA700888FBE /* Constants.swift in Sources */ = {isa = PBXBuildFile; fileRef = 1013D3DA25977AA700888FBE /* Constants.swift */; };
		1013D3E32597855000888FBE /* StoreTests.swift in Sources */ = {isa = PBXBuildFile; fileRef = 1013D3E22597855000888FBE /* StoreTests.swift */; };
		105ADD29258CE13D00CDC7F1 /* DataSource+CategoryCollectionView.swift in Sources */ = {isa = PBXBuildFile; fileRef = 105ADD28258CE13D00CDC7F1 /* DataSource+CategoryCollectionView.swift */; };
		105ADD36258CE16D00CDC7F1 /* CategoryCell.swift in Sources */ = {isa = PBXBuildFile; fileRef = 105ADD35258CE16D00CDC7F1 /* CategoryCell.swift */; };
		105ADD3B258CE82800CDC7F1 /* CategoryCollectionViewLayout.swift in Sources */ = {isa = PBXBuildFile; fileRef = 105ADD3A258CE82800CDC7F1 /* CategoryCollectionViewLayout.swift */; };
		105ADD7E258E72F000CDC7F1 /* AutoCompleteJsonResults.swift in Sources */ = {isa = PBXBuildFile; fileRef = 105ADD7D258E72F000CDC7F1 /* AutoCompleteJsonResults.swift */; };
		105ADD83258E912E00CDC7F1 /* Extensions+HomeController.swift in Sources */ = {isa = PBXBuildFile; fileRef = 105ADD82258E912E00CDC7F1 /* Extensions+HomeController.swift */; };
		105ADD9E258FAAD400CDC7F1 /* wheatherForecastResults.swift in Sources */ = {isa = PBXBuildFile; fileRef = 105ADD9D258FAAD400CDC7F1 /* wheatherForecastResults.swift */; };
		105ADDB0258FB20900CDC7F1 /* DataSource+DayDetailsCollectionView.swift in Sources */ = {isa = PBXBuildFile; fileRef = 105ADDAF258FB20900CDC7F1 /* DataSource+DayDetailsCollectionView.swift */; };
		105ADDBB258FB23100CDC7F1 /* DataSource+DaysCollectionView.swift.swift in Sources */ = {isa = PBXBuildFile; fileRef = 105ADDBA258FB23100CDC7F1 /* DataSource+DaysCollectionView.swift.swift */; };
		105ADDC9258FB34900CDC7F1 /* DetailedViewController.swift in Sources */ = {isa = PBXBuildFile; fileRef = 105ADDC8258FB34900CDC7F1 /* DetailedViewController.swift */; };
		105ADDCE258FB76300CDC7F1 /* DaysCollectionViewCell.swift in Sources */ = {isa = PBXBuildFile; fileRef = 105ADDCD258FB76300CDC7F1 /* DaysCollectionViewCell.swift */; };
		105ADDD3258FB77200CDC7F1 /* DetailedDaysCollectionViewCell.swift in Sources */ = {isa = PBXBuildFile; fileRef = 105ADDD2258FB77200CDC7F1 /* DetailedDaysCollectionViewCell.swift */; };
		105ADDE3259139B800CDC7F1 /* YelpReviewsJsonResults.swift in Sources */ = {isa = PBXBuildFile; fileRef = 105ADDE2259139B800CDC7F1 /* YelpReviewsJsonResults.swift */; };
		105ADDE925913B9100CDC7F1 /* CommentsViewController.swift in Sources */ = {isa = PBXBuildFile; fileRef = 105ADDE825913B9100CDC7F1 /* CommentsViewController.swift */; };
		105ADDF525913C2100CDC7F1 /* CommentsCollectionViewCell.swift in Sources */ = {isa = PBXBuildFile; fileRef = 105ADDF425913C2100CDC7F1 /* CommentsCollectionViewCell.swift */; };
		105ADDFA25913D2100CDC7F1 /* CommentsCollectionViewDataSource.swift in Sources */ = {isa = PBXBuildFile; fileRef = 105ADDF925913D2100CDC7F1 /* CommentsCollectionViewDataSource.swift */; };
		105ADDFF2591466700CDC7F1 /* CommentsCollectionViewLayout.swift in Sources */ = {isa = PBXBuildFile; fileRef = 105ADDFE2591466700CDC7F1 /* CommentsCollectionViewLayout.swift */; };
		105ADE0825921E7500CDC7F1 /* SavingLoadingOperation.swift in Sources */ = {isa = PBXBuildFile; fileRef = 105ADE0725921E7500CDC7F1 /* SavingLoadingOperation.swift */; };
		105ADE102592238100CDC7F1 /* DataStore.swift in Sources */ = {isa = PBXBuildFile; fileRef = 105ADE0F2592238100CDC7F1 /* DataStore.swift */; };
		109F5F09258A0F1300B5E31C /* AppDelegate.swift in Sources */ = {isa = PBXBuildFile; fileRef = 109F5F08258A0F1300B5E31C /* AppDelegate.swift */; };
		109F5F0B258A0F1300B5E31C /* SceneDelegate.swift in Sources */ = {isa = PBXBuildFile; fileRef = 109F5F0A258A0F1300B5E31C /* SceneDelegate.swift */; };
		109F5F10258A0F1300B5E31C /* Main.storyboard in Resources */ = {isa = PBXBuildFile; fileRef = 109F5F0E258A0F1300B5E31C /* Main.storyboard */; };
		109F5F12258A0F1400B5E31C /* Assets.xcassets in Resources */ = {isa = PBXBuildFile; fileRef = 109F5F11258A0F1400B5E31C /* Assets.xcassets */; };
		109F5F15258A0F1400B5E31C /* LaunchScreen.storyboard in Resources */ = {isa = PBXBuildFile; fileRef = 109F5F13258A0F1400B5E31C /* LaunchScreen.storyboard */; };
		109F5F20258A0F1400B5E31C /* ShouldiGoTests.swift in Sources */ = {isa = PBXBuildFile; fileRef = 109F5F1F258A0F1400B5E31C /* ShouldiGoTests.swift */; };
		109F5F2B258A0F1400B5E31C /* ShouldiGoUITests.swift in Sources */ = {isa = PBXBuildFile; fileRef = 109F5F2A258A0F1400B5E31C /* ShouldiGoUITests.swift */; };
		109F5F41258A130600B5E31C /* YelpAPI.swift in Sources */ = {isa = PBXBuildFile; fileRef = 109F5F40258A130600B5E31C /* YelpAPI.swift */; };
		109F5F4C258A316A00B5E31C /* YelpJsonResults.swift in Sources */ = {isa = PBXBuildFile; fileRef = 109F5F4B258A316A00B5E31C /* YelpJsonResults.swift */; };
		109F5F54258A319200B5E31C /* wheatherJsonResults.swift in Sources */ = {isa = PBXBuildFile; fileRef = 109F5F53258A319200B5E31C /* wheatherJsonResults.swift */; };
		109F5F59258A330800B5E31C /* YelpFetcher.swift in Sources */ = {isa = PBXBuildFile; fileRef = 109F5F58258A330800B5E31C /* YelpFetcher.swift */; };
		109F5F5E258A45A000B5E31C /* WheatherFetcher.swift in Sources */ = {isa = PBXBuildFile; fileRef = 109F5F5D258A45A000B5E31C /* WheatherFetcher.swift */; };
		109F5F63258A46A600B5E31C /* WheatherAPI.swift in Sources */ = {isa = PBXBuildFile; fileRef = 109F5F62258A46A600B5E31C /* WheatherAPI.swift */; };
		10A385E7258A6C0A00B4E14C /* HomeController.swift in Sources */ = {isa = PBXBuildFile; fileRef = 10A385E6258A6C0A00B4E14C /* HomeController.swift */; };
		10A385F3258A6DC000B4E14C /* DataSource+HomeCollectionView.swift in Sources */ = {isa = PBXBuildFile; fileRef = 10A385F2258A6DC000B4E14C /* DataSource+HomeCollectionView.swift */; };
		10A385FB258A6DD400B4E14C /* Delegate+HomeCollectionView.swift in Sources */ = {isa = PBXBuildFile; fileRef = 10A385FA258A6DD400B4E14C /* Delegate+HomeCollectionView.swift */; };
		10A38600258A6E7500B4E14C /* HomeCell.swift in Sources */ = {isa = PBXBuildFile; fileRef = 10A385FF258A6E7500B4E14C /* HomeCell.swift */; };
		10A38609258A77C500B4E14C /* CollectionViewLayout.swift in Sources */ = {isa = PBXBuildFile; fileRef = 10A38608258A77C500B4E14C /* CollectionViewLayout.swift */; };
		10A38615258A8CF400B4E14C /* ModifyLayersFunctions.swift in Sources */ = {isa = PBXBuildFile; fileRef = 10A38614258A8CF400B4E14C /* ModifyLayersFunctions.swift */; };
		10A3861A258A984300B4E14C /* BusniessDataResults.swift in Sources */ = {isa = PBXBuildFile; fileRef = 10A38619258A984300B4E14C /* BusniessDataResults.swift */; };
		10E37D9E2593A21400D9B5F3 /* CountryAutoCompletionJsonResults.swift in Sources */ = {isa = PBXBuildFile; fileRef = 10E37D9D2593A21400D9B5F3 /* CountryAutoCompletionJsonResults.swift */; };
		10E37DB42596480E00D9B5F3 /* purpleLoadingLottie.json in Resources */ = {isa = PBXBuildFile; fileRef = 10E37DB32596480E00D9B5F3 /* purpleLoadingLottie.json */; };
		3473C5B72B616314A767D52D /* Pods_ShouldiGo.framework in Frameworks */ = {isa = PBXBuildFile; fileRef = 841051D07BFA628AB6657A51 /* Pods_ShouldiGo.framework */; };
		9E54B3439A48A81C2C2C6932 /* Pods_ShouldiGo_ShouldiGoUITests.framework in Frameworks */ = {isa = PBXBuildFile; fileRef = 99223BBF4EDEF4B889C39C1C /* Pods_ShouldiGo_ShouldiGoUITests.framework */; };
		AD4771E5DEFE4608A99440D8 /* Pods_ShouldiGoTests.framework in Frameworks */ = {isa = PBXBuildFile; fileRef = D5650D1DF39AA78F0E8F8B86 /* Pods_ShouldiGoTests.framework */; };
/* End PBXBuildFile section */

/* Begin PBXContainerItemProxy section */
		109F5F1C258A0F1400B5E31C /* PBXContainerItemProxy */ = {
			isa = PBXContainerItemProxy;
			containerPortal = 109F5EFD258A0F1300B5E31C /* Project object */;
			proxyType = 1;
			remoteGlobalIDString = 109F5F04258A0F1300B5E31C;
			remoteInfo = ShouldiGo;
		};
		109F5F27258A0F1400B5E31C /* PBXContainerItemProxy */ = {
			isa = PBXContainerItemProxy;
			containerPortal = 109F5EFD258A0F1300B5E31C /* Project object */;
			proxyType = 1;
			remoteGlobalIDString = 109F5F04258A0F1300B5E31C;
			remoteInfo = ShouldiGo;
		};
/* End PBXContainerItemProxy section */

/* Begin PBXFileReference section */
		1013D3D0259687EF00888FBE /* noWifi.json */ = {isa = PBXFileReference; fileEncoding = 4; lastKnownFileType = text.json; path = noWifi.json; sourceTree = "<group>"; };
		1013D3D5259779FA00888FBE /* APITests.swift */ = {isa = PBXFileReference; lastKnownFileType = sourcecode.swift; path = APITests.swift; sourceTree = "<group>"; };
		1013D3DA25977AA700888FBE /* Constants.swift */ = {isa = PBXFileReference; lastKnownFileType = sourcecode.swift; path = Constants.swift; sourceTree = "<group>"; };
		1013D3E22597855000888FBE /* StoreTests.swift */ = {isa = PBXFileReference; lastKnownFileType = sourcecode.swift; path = StoreTests.swift; sourceTree = "<group>"; };
		105ADD28258CE13D00CDC7F1 /* DataSource+CategoryCollectionView.swift */ = {isa = PBXFileReference; lastKnownFileType = sourcecode.swift; path = "DataSource+CategoryCollectionView.swift"; sourceTree = "<group>"; };
		105ADD35258CE16D00CDC7F1 /* CategoryCell.swift */ = {isa = PBXFileReference; lastKnownFileType = sourcecode.swift; path = CategoryCell.swift; sourceTree = "<group>"; };
		105ADD3A258CE82800CDC7F1 /* CategoryCollectionViewLayout.swift */ = {isa = PBXFileReference; lastKnownFileType = sourcecode.swift; path = CategoryCollectionViewLayout.swift; sourceTree = "<group>"; };
		105ADD7D258E72F000CDC7F1 /* AutoCompleteJsonResults.swift */ = {isa = PBXFileReference; lastKnownFileType = sourcecode.swift; path = AutoCompleteJsonResults.swift; sourceTree = "<group>"; };
		105ADD82258E912E00CDC7F1 /* Extensions+HomeController.swift */ = {isa = PBXFileReference; lastKnownFileType = sourcecode.swift; path = "Extensions+HomeController.swift"; sourceTree = "<group>"; };
		105ADD9D258FAAD400CDC7F1 /* wheatherForecastResults.swift */ = {isa = PBXFileReference; lastKnownFileType = sourcecode.swift; path = wheatherForecastResults.swift; sourceTree = "<group>"; };
		105ADDAF258FB20900CDC7F1 /* DataSource+DayDetailsCollectionView.swift */ = {isa = PBXFileReference; lastKnownFileType = sourcecode.swift; path = "DataSource+DayDetailsCollectionView.swift"; sourceTree = "<group>"; };
		105ADDBA258FB23100CDC7F1 /* DataSource+DaysCollectionView.swift.swift */ = {isa = PBXFileReference; lastKnownFileType = sourcecode.swift; path = "DataSource+DaysCollectionView.swift.swift"; sourceTree = "<group>"; };
		105ADDC8258FB34900CDC7F1 /* DetailedViewController.swift */ = {isa = PBXFileReference; lastKnownFileType = sourcecode.swift; path = DetailedViewController.swift; sourceTree = "<group>"; };
		105ADDCD258FB76300CDC7F1 /* DaysCollectionViewCell.swift */ = {isa = PBXFileReference; lastKnownFileType = sourcecode.swift; path = DaysCollectionViewCell.swift; sourceTree = "<group>"; };
		105ADDD2258FB77200CDC7F1 /* DetailedDaysCollectionViewCell.swift */ = {isa = PBXFileReference; lastKnownFileType = sourcecode.swift; path = DetailedDaysCollectionViewCell.swift; sourceTree = "<group>"; };
		105ADDE2259139B800CDC7F1 /* YelpReviewsJsonResults.swift */ = {isa = PBXFileReference; lastKnownFileType = sourcecode.swift; path = YelpReviewsJsonResults.swift; sourceTree = "<group>"; };
		105ADDE825913B9100CDC7F1 /* CommentsViewController.swift */ = {isa = PBXFileReference; lastKnownFileType = sourcecode.swift; path = CommentsViewController.swift; sourceTree = "<group>"; };
		105ADDF425913C2100CDC7F1 /* CommentsCollectionViewCell.swift */ = {isa = PBXFileReference; lastKnownFileType = sourcecode.swift; path = CommentsCollectionViewCell.swift; sourceTree = "<group>"; };
		105ADDF925913D2100CDC7F1 /* CommentsCollectionViewDataSource.swift */ = {isa = PBXFileReference; lastKnownFileType = sourcecode.swift; path = CommentsCollectionViewDataSource.swift; sourceTree = "<group>"; };
		105ADDFE2591466700CDC7F1 /* CommentsCollectionViewLayout.swift */ = {isa = PBXFileReference; lastKnownFileType = sourcecode.swift; path = CommentsCollectionViewLayout.swift; sourceTree = "<group>"; };
		105ADE0725921E7500CDC7F1 /* SavingLoadingOperation.swift */ = {isa = PBXFileReference; lastKnownFileType = sourcecode.swift; path = SavingLoadingOperation.swift; sourceTree = "<group>"; };
		105ADE0F2592238100CDC7F1 /* DataStore.swift */ = {isa = PBXFileReference; lastKnownFileType = sourcecode.swift; path = DataStore.swift; sourceTree = "<group>"; };
		109F5F05258A0F1300B5E31C /* ShouldiGo.app */ = {isa = PBXFileReference; explicitFileType = wrapper.application; includeInIndex = 0; path = ShouldiGo.app; sourceTree = BUILT_PRODUCTS_DIR; };
		109F5F08258A0F1300B5E31C /* AppDelegate.swift */ = {isa = PBXFileReference; lastKnownFileType = sourcecode.swift; path = AppDelegate.swift; sourceTree = "<group>"; };
		109F5F0A258A0F1300B5E31C /* SceneDelegate.swift */ = {isa = PBXFileReference; lastKnownFileType = sourcecode.swift; path = SceneDelegate.swift; sourceTree = "<group>"; };
		109F5F0F258A0F1300B5E31C /* Base */ = {isa = PBXFileReference; lastKnownFileType = file.storyboard; name = Base; path = Base.lproj/Main.storyboard; sourceTree = "<group>"; };
		109F5F11258A0F1400B5E31C /* Assets.xcassets */ = {isa = PBXFileReference; lastKnownFileType = folder.assetcatalog; path = Assets.xcassets; sourceTree = "<group>"; };
		109F5F14258A0F1400B5E31C /* Base */ = {isa = PBXFileReference; lastKnownFileType = file.storyboard; name = Base; path = Base.lproj/LaunchScreen.storyboard; sourceTree = "<group>"; };
		109F5F16258A0F1400B5E31C /* Info.plist */ = {isa = PBXFileReference; lastKnownFileType = text.plist.xml; path = Info.plist; sourceTree = "<group>"; };
		109F5F1B258A0F1400B5E31C /* ShouldiGoTests.xctest */ = {isa = PBXFileReference; explicitFileType = wrapper.cfbundle; includeInIndex = 0; path = ShouldiGoTests.xctest; sourceTree = BUILT_PRODUCTS_DIR; };
		109F5F1F258A0F1400B5E31C /* ShouldiGoTests.swift */ = {isa = PBXFileReference; lastKnownFileType = sourcecode.swift; path = ShouldiGoTests.swift; sourceTree = "<group>"; };
		109F5F21258A0F1400B5E31C /* Info.plist */ = {isa = PBXFileReference; lastKnownFileType = text.plist.xml; path = Info.plist; sourceTree = "<group>"; };
		109F5F26258A0F1400B5E31C /* ShouldiGoUITests.xctest */ = {isa = PBXFileReference; explicitFileType = wrapper.cfbundle; includeInIndex = 0; path = ShouldiGoUITests.xctest; sourceTree = BUILT_PRODUCTS_DIR; };
		109F5F2A258A0F1400B5E31C /* ShouldiGoUITests.swift */ = {isa = PBXFileReference; lastKnownFileType = sourcecode.swift; path = ShouldiGoUITests.swift; sourceTree = "<group>"; };
		109F5F2C258A0F1400B5E31C /* Info.plist */ = {isa = PBXFileReference; lastKnownFileType = text.plist.xml; path = Info.plist; sourceTree = "<group>"; };
		109F5F40258A130600B5E31C /* YelpAPI.swift */ = {isa = PBXFileReference; lastKnownFileType = sourcecode.swift; path = YelpAPI.swift; sourceTree = "<group>"; };
		109F5F4B258A316A00B5E31C /* YelpJsonResults.swift */ = {isa = PBXFileReference; lastKnownFileType = sourcecode.swift; path = YelpJsonResults.swift; sourceTree = "<group>"; };
		109F5F53258A319200B5E31C /* wheatherJsonResults.swift */ = {isa = PBXFileReference; lastKnownFileType = sourcecode.swift; path = wheatherJsonResults.swift; sourceTree = "<group>"; };
		109F5F58258A330800B5E31C /* YelpFetcher.swift */ = {isa = PBXFileReference; lastKnownFileType = sourcecode.swift; path = YelpFetcher.swift; sourceTree = "<group>"; };
		109F5F5D258A45A000B5E31C /* WheatherFetcher.swift */ = {isa = PBXFileReference; lastKnownFileType = sourcecode.swift; path = WheatherFetcher.swift; sourceTree = "<group>"; };
		109F5F62258A46A600B5E31C /* WheatherAPI.swift */ = {isa = PBXFileReference; lastKnownFileType = sourcecode.swift; path = WheatherAPI.swift; sourceTree = "<group>"; };
		10A385E6258A6C0A00B4E14C /* HomeController.swift */ = {isa = PBXFileReference; lastKnownFileType = sourcecode.swift; path = HomeController.swift; sourceTree = "<group>"; };
		10A385F2258A6DC000B4E14C /* DataSource+HomeCollectionView.swift */ = {isa = PBXFileReference; lastKnownFileType = sourcecode.swift; path = "DataSource+HomeCollectionView.swift"; sourceTree = "<group>"; };
		10A385FA258A6DD400B4E14C /* Delegate+HomeCollectionView.swift */ = {isa = PBXFileReference; lastKnownFileType = sourcecode.swift; path = "Delegate+HomeCollectionView.swift"; sourceTree = "<group>"; };
		10A385FF258A6E7500B4E14C /* HomeCell.swift */ = {isa = PBXFileReference; lastKnownFileType = sourcecode.swift; path = HomeCell.swift; sourceTree = "<group>"; };
		10A38608258A77C500B4E14C /* CollectionViewLayout.swift */ = {isa = PBXFileReference; fileEncoding = 4; lastKnownFileType = sourcecode.swift; path = CollectionViewLayout.swift; sourceTree = "<group>"; };
		10A38614258A8CF400B4E14C /* ModifyLayersFunctions.swift */ = {isa = PBXFileReference; lastKnownFileType = sourcecode.swift; path = ModifyLayersFunctions.swift; sourceTree = "<group>"; };
		10A38619258A984300B4E14C /* BusniessDataResults.swift */ = {isa = PBXFileReference; lastKnownFileType = sourcecode.swift; path = BusniessDataResults.swift; sourceTree = "<group>"; };
		10E37D9D2593A21400D9B5F3 /* CountryAutoCompletionJsonResults.swift */ = {isa = PBXFileReference; lastKnownFileType = sourcecode.swift; path = CountryAutoCompletionJsonResults.swift; sourceTree = "<group>"; };
		10E37DB32596480E00D9B5F3 /* purpleLoadingLottie.json */ = {isa = PBXFileReference; fileEncoding = 4; lastKnownFileType = text.json; path = purpleLoadingLottie.json; sourceTree = "<group>"; };
		1FFF9D460F7580D0B9CB783A /* Pods-ShouldiGo-ShouldiGoUITests.release.xcconfig */ = {isa = PBXFileReference; includeInIndex = 1; lastKnownFileType = text.xcconfig; name = "Pods-ShouldiGo-ShouldiGoUITests.release.xcconfig"; path = "Target Support Files/Pods-ShouldiGo-ShouldiGoUITests/Pods-ShouldiGo-ShouldiGoUITests.release.xcconfig"; sourceTree = "<group>"; };
		531EAEC4071BD76D8C2015EF /* Pods-ShouldiGoTests.release.xcconfig */ = {isa = PBXFileReference; includeInIndex = 1; lastKnownFileType = text.xcconfig; name = "Pods-ShouldiGoTests.release.xcconfig"; path = "Target Support Files/Pods-ShouldiGoTests/Pods-ShouldiGoTests.release.xcconfig"; sourceTree = "<group>"; };
		53CDC48BEB295FC344B2DBE0 /* Pods-ShouldiGo-ShouldiGoUITests.debug.xcconfig */ = {isa = PBXFileReference; includeInIndex = 1; lastKnownFileType = text.xcconfig; name = "Pods-ShouldiGo-ShouldiGoUITests.debug.xcconfig"; path = "Target Support Files/Pods-ShouldiGo-ShouldiGoUITests/Pods-ShouldiGo-ShouldiGoUITests.debug.xcconfig"; sourceTree = "<group>"; };
		7610A16BB8F68D46A4373D02 /* Pods-ShouldiGoTests.debug.xcconfig */ = {isa = PBXFileReference; includeInIndex = 1; lastKnownFileType = text.xcconfig; name = "Pods-ShouldiGoTests.debug.xcconfig"; path = "Target Support Files/Pods-ShouldiGoTests/Pods-ShouldiGoTests.debug.xcconfig"; sourceTree = "<group>"; };
		841051D07BFA628AB6657A51 /* Pods_ShouldiGo.framework */ = {isa = PBXFileReference; explicitFileType = wrapper.framework; includeInIndex = 0; path = Pods_ShouldiGo.framework; sourceTree = BUILT_PRODUCTS_DIR; };
		8796E3A4250C2FFEE26788CE /* Pods-ShouldiGo.debug.xcconfig */ = {isa = PBXFileReference; includeInIndex = 1; lastKnownFileType = text.xcconfig; name = "Pods-ShouldiGo.debug.xcconfig"; path = "Target Support Files/Pods-ShouldiGo/Pods-ShouldiGo.debug.xcconfig"; sourceTree = "<group>"; };
		99223BBF4EDEF4B889C39C1C /* Pods_ShouldiGo_ShouldiGoUITests.framework */ = {isa = PBXFileReference; explicitFileType = wrapper.framework; includeInIndex = 0; path = Pods_ShouldiGo_ShouldiGoUITests.framework; sourceTree = BUILT_PRODUCTS_DIR; };
		D5650D1DF39AA78F0E8F8B86 /* Pods_ShouldiGoTests.framework */ = {isa = PBXFileReference; explicitFileType = wrapper.framework; includeInIndex = 0; path = Pods_ShouldiGoTests.framework; sourceTree = BUILT_PRODUCTS_DIR; };
		F98182D6549D872F5B9B9A6E /* Pods-ShouldiGo.release.xcconfig */ = {isa = PBXFileReference; includeInIndex = 1; lastKnownFileType = text.xcconfig; name = "Pods-ShouldiGo.release.xcconfig"; path = "Target Support Files/Pods-ShouldiGo/Pods-ShouldiGo.release.xcconfig"; sourceTree = "<group>"; };
/* End PBXFileReference section */

/* Begin PBXFrameworksBuildPhase section */
		109F5F02258A0F1300B5E31C /* Frameworks */ = {
			isa = PBXFrameworksBuildPhase;
			buildActionMask = 2147483647;
			files = (
				3473C5B72B616314A767D52D /* Pods_ShouldiGo.framework in Frameworks */,
			);
			runOnlyForDeploymentPostprocessing = 0;
		};
		109F5F18258A0F1400B5E31C /* Frameworks */ = {
			isa = PBXFrameworksBuildPhase;
			buildActionMask = 2147483647;
			files = (
				AD4771E5DEFE4608A99440D8 /* Pods_ShouldiGoTests.framework in Frameworks */,
			);
			runOnlyForDeploymentPostprocessing = 0;
		};
		109F5F23258A0F1400B5E31C /* Frameworks */ = {
			isa = PBXFrameworksBuildPhase;
			buildActionMask = 2147483647;
			files = (
				9E54B3439A48A81C2C2C6932 /* Pods_ShouldiGo_ShouldiGoUITests.framework in Frameworks */,
			);
			runOnlyForDeploymentPostprocessing = 0;
		};
/* End PBXFrameworksBuildPhase section */

/* Begin PBXGroup section */
		02F3A0699CDFD8BD85C7240F /* Frameworks */ = {
			isa = PBXGroup;
			children = (
				841051D07BFA628AB6657A51 /* Pods_ShouldiGo.framework */,
				99223BBF4EDEF4B889C39C1C /* Pods_ShouldiGo_ShouldiGoUITests.framework */,
				D5650D1DF39AA78F0E8F8B86 /* Pods_ShouldiGoTests.framework */,
			);
			name = Frameworks;
			sourceTree = "<group>";
		};
		105ADD27258CE10A00CDC7F1 /* CategoryViews+DataSources */ = {
			isa = PBXGroup;
			children = (
				105ADD28258CE13D00CDC7F1 /* DataSource+CategoryCollectionView.swift */,
				105ADD35258CE16D00CDC7F1 /* CategoryCell.swift */,
			);
			path = "CategoryViews+DataSources";
			sourceTree = "<group>";
		};
		105ADDA5258FB01500CDC7F1 /* DetailedController */ = {
			isa = PBXGroup;
			children = (
				105ADDC8258FB34900CDC7F1 /* DetailedViewController.swift */,
			);
			path = DetailedController;
			sourceTree = "<group>";
		};
		105ADDAE258FB1DC00CDC7F1 /* DetailsViews+DataSources */ = {
			isa = PBXGroup;
			children = (
				105ADDAF258FB20900CDC7F1 /* DataSource+DayDetailsCollectionView.swift */,
				105ADDBA258FB23100CDC7F1 /* DataSource+DaysCollectionView.swift.swift */,
				105ADDCD258FB76300CDC7F1 /* DaysCollectionViewCell.swift */,
				105ADDD2258FB77200CDC7F1 /* DetailedDaysCollectionViewCell.swift */,
			);
			path = "DetailsViews+DataSources";
			sourceTree = "<group>";
		};
		105ADDE725913B7600CDC7F1 /* CommentsController */ = {
			isa = PBXGroup;
			children = (
				105ADDE825913B9100CDC7F1 /* CommentsViewController.swift */,
			);
			path = CommentsController;
			sourceTree = "<group>";
		};
		105ADDF025913BD800CDC7F1 /* CommentsViews+DataSources */ = {
			isa = PBXGroup;
			children = (
				105ADDF925913D2100CDC7F1 /* CommentsCollectionViewDataSource.swift */,
				105ADDF425913C2100CDC7F1 /* CommentsCollectionViewCell.swift */,
			);
			path = "CommentsViews+DataSources";
			sourceTree = "<group>";
		};
		105ADE0625921E3C00CDC7F1 /* SavingAndLoading */ = {
			isa = PBXGroup;
			children = (
				105ADE0725921E7500CDC7F1 /* SavingLoadingOperation.swift */,
				105ADE0F2592238100CDC7F1 /* DataStore.swift */,
			);
			path = SavingAndLoading;
			sourceTree = "<group>";
		};
		109F5EFC258A0F1300B5E31C = {
			isa = PBXGroup;
			children = (
				109F5F07258A0F1300B5E31C /* ShouldiGo */,
				109F5F1E258A0F1400B5E31C /* ShouldiGoTests */,
				109F5F29258A0F1400B5E31C /* ShouldiGoUITests */,
				109F5F06258A0F1300B5E31C /* Products */,
				2F32A7629E25367437F22757 /* Pods */,
				02F3A0699CDFD8BD85C7240F /* Frameworks */,
			);
			sourceTree = "<group>";
		};
		109F5F06258A0F1300B5E31C /* Products */ = {
			isa = PBXGroup;
			children = (
				109F5F05258A0F1300B5E31C /* ShouldiGo.app */,
				109F5F1B258A0F1400B5E31C /* ShouldiGoTests.xctest */,
				109F5F26258A0F1400B5E31C /* ShouldiGoUITests.xctest */,
			);
			name = Products;
			sourceTree = "<group>";
		};
		109F5F07258A0F1300B5E31C /* ShouldiGo */ = {
			isa = PBXGroup;
			children = (
				109F5F3B258A0F2400B5E31C /* Model */,
				109F5F3C258A0F2C00B5E31C /* Views */,
				109F5F3D258A0F3A00B5E31C /* Controllers */,
				109F5F08258A0F1300B5E31C /* AppDelegate.swift */,
				109F5F0A258A0F1300B5E31C /* SceneDelegate.swift */,
				109F5F0E258A0F1300B5E31C /* Main.storyboard */,
				109F5F11258A0F1400B5E31C /* Assets.xcassets */,
				109F5F13258A0F1400B5E31C /* LaunchScreen.storyboard */,
				109F5F16258A0F1400B5E31C /* Info.plist */,
			);
			path = ShouldiGo;
			sourceTree = "<group>";
		};
		109F5F1E258A0F1400B5E31C /* ShouldiGoTests */ = {
			isa = PBXGroup;
			children = (
				109F5F1F258A0F1400B5E31C /* ShouldiGoTests.swift */,
				1013D3D5259779FA00888FBE /* APITests.swift */,
				1013D3E22597855000888FBE /* StoreTests.swift */,
				109F5F21258A0F1400B5E31C /* Info.plist */,
				1013D3DA25977AA700888FBE /* Constants.swift */,
			);
			path = ShouldiGoTests;
			sourceTree = "<group>";
		};
		109F5F29258A0F1400B5E31C /* ShouldiGoUITests */ = {
			isa = PBXGroup;
			children = (
				109F5F2A258A0F1400B5E31C /* ShouldiGoUITests.swift */,
				109F5F2C258A0F1400B5E31C /* Info.plist */,
			);
			path = ShouldiGoUITests;
			sourceTree = "<group>";
		};
		109F5F3B258A0F2400B5E31C /* Model */ = {
			isa = PBXGroup;
			children = (
				109F5F49258A30BE00B5E31C /* Store */,
				109F5F48258A304200B5E31C /* Fetching */,
				109F5F3E258A12E200B5E31C /* Networking */,
			);
			path = Model;
			sourceTree = "<group>";
		};
		109F5F3C258A0F2C00B5E31C /* Views */ = {
			isa = PBXGroup;
			children = (
				105ADDF025913BD800CDC7F1 /* CommentsViews+DataSources */,
				105ADDAE258FB1DC00CDC7F1 /* DetailsViews+DataSources */,
				105ADD27258CE10A00CDC7F1 /* CategoryViews+DataSources */,
				10A385F1258A6D7500B4E14C /* BusniessViews+DataSources */,
			);
			path = Views;
			sourceTree = "<group>";
		};
		109F5F3D258A0F3A00B5E31C /* Controllers */ = {
			isa = PBXGroup;
			children = (
				105ADDE725913B7600CDC7F1 /* CommentsController */,
				105ADDA5258FB01500CDC7F1 /* DetailedController */,
				10A385E5258A6B9200B4E14C /* HomeController */,
			);
			path = Controllers;
			sourceTree = "<group>";
		};
		109F5F3E258A12E200B5E31C /* Networking */ = {
			isa = PBXGroup;
			children = (
				109F5F3F258A12EA00B5E31C /* API */,
			);
			path = Networking;
			sourceTree = "<group>";
		};
		109F5F3F258A12EA00B5E31C /* API */ = {
			isa = PBXGroup;
			children = (
				109F5F40258A130600B5E31C /* YelpAPI.swift */,
				109F5F62258A46A600B5E31C /* WheatherAPI.swift */,
			);
			path = API;
			sourceTree = "<group>";
		};
		109F5F48258A304200B5E31C /* Fetching */ = {
			isa = PBXGroup;
			children = (
				109F5F58258A330800B5E31C /* YelpFetcher.swift */,
				109F5F5D258A45A000B5E31C /* WheatherFetcher.swift */,
			);
			path = Fetching;
			sourceTree = "<group>";
		};
		109F5F49258A30BE00B5E31C /* Store */ = {
			isa = PBXGroup;
			children = (
				105ADE0625921E3C00CDC7F1 /* SavingAndLoading */,
				10A38607258A779900B4E14C /* Helpers */,
				109F5F4A258A30F100B5E31C /* CodableObjects */,
			);
			path = Store;
			sourceTree = "<group>";
		};
		109F5F4A258A30F100B5E31C /* CodableObjects */ = {
			isa = PBXGroup;
			children = (
				109F5F4B258A316A00B5E31C /* YelpJsonResults.swift */,
				109F5F53258A319200B5E31C /* wheatherJsonResults.swift */,
				105ADD9D258FAAD400CDC7F1 /* wheatherForecastResults.swift */,
				10A38619258A984300B4E14C /* BusniessDataResults.swift */,
				105ADD7D258E72F000CDC7F1 /* AutoCompleteJsonResults.swift */,
				105ADDE2259139B800CDC7F1 /* YelpReviewsJsonResults.swift */,
				10E37D9D2593A21400D9B5F3 /* CountryAutoCompletionJsonResults.swift */,
			);
			path = CodableObjects;
			sourceTree = "<group>";
		};
		10A385E5258A6B9200B4E14C /* HomeController */ = {
			isa = PBXGroup;
			children = (
				10A385E6258A6C0A00B4E14C /* HomeController.swift */,
				105ADD82258E912E00CDC7F1 /* Extensions+HomeController.swift */,
			);
			path = HomeController;
			sourceTree = "<group>";
		};
		10A385F1258A6D7500B4E14C /* BusniessViews+DataSources */ = {
			isa = PBXGroup;
			children = (
				10A385F2258A6DC000B4E14C /* DataSource+HomeCollectionView.swift */,
				10A385FA258A6DD400B4E14C /* Delegate+HomeCollectionView.swift */,
				10A385FF258A6E7500B4E14C /* HomeCell.swift */,
			);
			path = "BusniessViews+DataSources";
			sourceTree = "<group>";
		};
		10A38607258A779900B4E14C /* Helpers */ = {
			isa = PBXGroup;
			children = (
				10A38614258A8CF400B4E14C /* ModifyLayersFunctions.swift */,
				10A38608258A77C500B4E14C /* CollectionViewLayout.swift */,
				105ADD3A258CE82800CDC7F1 /* CategoryCollectionViewLayout.swift */,
				105ADDFE2591466700CDC7F1 /* CommentsCollectionViewLayout.swift */,
				10E37DB32596480E00D9B5F3 /* purpleLoadingLottie.json */,
				1013D3D0259687EF00888FBE /* noWifi.json */,
			);
			path = Helpers;
			sourceTree = "<group>";
		};
		2F32A7629E25367437F22757 /* Pods */ = {
			isa = PBXGroup;
			children = (
				8796E3A4250C2FFEE26788CE /* Pods-ShouldiGo.debug.xcconfig */,
				F98182D6549D872F5B9B9A6E /* Pods-ShouldiGo.release.xcconfig */,
				53CDC48BEB295FC344B2DBE0 /* Pods-ShouldiGo-ShouldiGoUITests.debug.xcconfig */,
				1FFF9D460F7580D0B9CB783A /* Pods-ShouldiGo-ShouldiGoUITests.release.xcconfig */,
				7610A16BB8F68D46A4373D02 /* Pods-ShouldiGoTests.debug.xcconfig */,
				531EAEC4071BD76D8C2015EF /* Pods-ShouldiGoTests.release.xcconfig */,
			);
			path = Pods;
			sourceTree = "<group>";
		};
/* End PBXGroup section */

/* Begin PBXNativeTarget section */
		109F5F04258A0F1300B5E31C /* ShouldiGo */ = {
			isa = PBXNativeTarget;
			buildConfigurationList = 109F5F2F258A0F1400B5E31C /* Build configuration list for PBXNativeTarget "ShouldiGo" */;
			buildPhases = (
				393CD4975FDE4284283CC1FD /* [CP] Check Pods Manifest.lock */,
				109F5F01258A0F1300B5E31C /* Sources */,
				109F5F02258A0F1300B5E31C /* Frameworks */,
				109F5F03258A0F1300B5E31C /* Resources */,
				0635AACC3851B8774A04BC06 /* [CP] Embed Pods Frameworks */,
			);
			buildRules = (
			);
			dependencies = (
			);
			name = ShouldiGo;
			productName = ShouldiGo;
			productReference = 109F5F05258A0F1300B5E31C /* ShouldiGo.app */;
			productType = "com.apple.product-type.application";
		};
		109F5F1A258A0F1400B5E31C /* ShouldiGoTests */ = {
			isa = PBXNativeTarget;
			buildConfigurationList = 109F5F32258A0F1400B5E31C /* Build configuration list for PBXNativeTarget "ShouldiGoTests" */;
			buildPhases = (
				8B3311BA12CF691EB347CB9B /* [CP] Check Pods Manifest.lock */,
				109F5F17258A0F1400B5E31C /* Sources */,
				109F5F18258A0F1400B5E31C /* Frameworks */,
				109F5F19258A0F1400B5E31C /* Resources */,
			);
			buildRules = (
			);
			dependencies = (
				109F5F1D258A0F1400B5E31C /* PBXTargetDependency */,
			);
			name = ShouldiGoTests;
			productName = ShouldiGoTests;
			productReference = 109F5F1B258A0F1400B5E31C /* ShouldiGoTests.xctest */;
			productType = "com.apple.product-type.bundle.unit-test";
		};
		109F5F25258A0F1400B5E31C /* ShouldiGoUITests */ = {
			isa = PBXNativeTarget;
			buildConfigurationList = 109F5F35258A0F1400B5E31C /* Build configuration list for PBXNativeTarget "ShouldiGoUITests" */;
			buildPhases = (
				2ED34D891E008A2C2CB03DFB /* [CP] Check Pods Manifest.lock */,
				109F5F22258A0F1400B5E31C /* Sources */,
				109F5F23258A0F1400B5E31C /* Frameworks */,
				109F5F24258A0F1400B5E31C /* Resources */,
				C2063FDFB7AC6343829DC6D7 /* [CP] Embed Pods Frameworks */,
			);
			buildRules = (
			);
			dependencies = (
				109F5F28258A0F1400B5E31C /* PBXTargetDependency */,
			);
			name = ShouldiGoUITests;
			productName = ShouldiGoUITests;
			productReference = 109F5F26258A0F1400B5E31C /* ShouldiGoUITests.xctest */;
			productType = "com.apple.product-type.bundle.ui-testing";
		};
/* End PBXNativeTarget section */

/* Begin PBXProject section */
		109F5EFD258A0F1300B5E31C /* Project object */ = {
			isa = PBXProject;
			attributes = {
				LastSwiftUpdateCheck = 1220;
				LastUpgradeCheck = 1220;
				TargetAttributes = {
					109F5F04258A0F1300B5E31C = {
						CreatedOnToolsVersion = 12.2;
					};
					109F5F1A258A0F1400B5E31C = {
						CreatedOnToolsVersion = 12.2;
						TestTargetID = 109F5F04258A0F1300B5E31C;
					};
					109F5F25258A0F1400B5E31C = {
						CreatedOnToolsVersion = 12.2;
						TestTargetID = 109F5F04258A0F1300B5E31C;
					};
				};
			};
			buildConfigurationList = 109F5F00258A0F1300B5E31C /* Build configuration list for PBXProject "ShouldiGo" */;
			compatibilityVersion = "Xcode 9.3";
			developmentRegion = en;
			hasScannedForEncodings = 0;
			knownRegions = (
				en,
				Base,
			);
			mainGroup = 109F5EFC258A0F1300B5E31C;
			productRefGroup = 109F5F06258A0F1300B5E31C /* Products */;
			projectDirPath = "";
			projectRoot = "";
			targets = (
				109F5F04258A0F1300B5E31C /* ShouldiGo */,
				109F5F1A258A0F1400B5E31C /* ShouldiGoTests */,
				109F5F25258A0F1400B5E31C /* ShouldiGoUITests */,
			);
		};
/* End PBXProject section */

/* Begin PBXResourcesBuildPhase section */
		109F5F03258A0F1300B5E31C /* Resources */ = {
			isa = PBXResourcesBuildPhase;
			buildActionMask = 2147483647;
			files = (
				109F5F15258A0F1400B5E31C /* LaunchScreen.storyboard in Resources */,
				109F5F12258A0F1400B5E31C /* Assets.xcassets in Resources */,
				109F5F10258A0F1300B5E31C /* Main.storyboard in Resources */,
				10E37DB42596480E00D9B5F3 /* purpleLoadingLottie.json in Resources */,
				1013D3D1259687EF00888FBE /* noWifi.json in Resources */,
			);
			runOnlyForDeploymentPostprocessing = 0;
		};
		109F5F19258A0F1400B5E31C /* Resources */ = {
			isa = PBXResourcesBuildPhase;
			buildActionMask = 2147483647;
			files = (
			);
			runOnlyForDeploymentPostprocessing = 0;
		};
		109F5F24258A0F1400B5E31C /* Resources */ = {
			isa = PBXResourcesBuildPhase;
			buildActionMask = 2147483647;
			files = (
			);
			runOnlyForDeploymentPostprocessing = 0;
		};
/* End PBXResourcesBuildPhase section */

/* Begin PBXShellScriptBuildPhase section */
		0635AACC3851B8774A04BC06 /* [CP] Embed Pods Frameworks */ = {
			isa = PBXShellScriptBuildPhase;
			buildActionMask = 2147483647;
			files = (
			);
			inputFileListPaths = (
				"${PODS_ROOT}/Target Support Files/Pods-ShouldiGo/Pods-ShouldiGo-frameworks-${CONFIGURATION}-input-files.xcfilelist",
			);
			name = "[CP] Embed Pods Frameworks";
			outputFileListPaths = (
				"${PODS_ROOT}/Target Support Files/Pods-ShouldiGo/Pods-ShouldiGo-frameworks-${CONFIGURATION}-output-files.xcfilelist",
			);
			runOnlyForDeploymentPostprocessing = 0;
			shellPath = /bin/sh;
			shellScript = "\"${PODS_ROOT}/Target Support Files/Pods-ShouldiGo/Pods-ShouldiGo-frameworks.sh\"\n";
			showEnvVarsInLog = 0;
		};
		2ED34D891E008A2C2CB03DFB /* [CP] Check Pods Manifest.lock */ = {
			isa = PBXShellScriptBuildPhase;
			buildActionMask = 2147483647;
			files = (
			);
			inputFileListPaths = (
			);
			inputPaths = (
				"${PODS_PODFILE_DIR_PATH}/Podfile.lock",
				"${PODS_ROOT}/Manifest.lock",
			);
			name = "[CP] Check Pods Manifest.lock";
			outputFileListPaths = (
			);
			outputPaths = (
				"$(DERIVED_FILE_DIR)/Pods-ShouldiGo-ShouldiGoUITests-checkManifestLockResult.txt",
			);
			runOnlyForDeploymentPostprocessing = 0;
			shellPath = /bin/sh;
			shellScript = "diff \"${PODS_PODFILE_DIR_PATH}/Podfile.lock\" \"${PODS_ROOT}/Manifest.lock\" > /dev/null\nif [ $? != 0 ] ; then\n    # print error to STDERR\n    echo \"error: The sandbox is not in sync with the Podfile.lock. Run 'pod install' or update your CocoaPods installation.\" >&2\n    exit 1\nfi\n# This output is used by Xcode 'outputs' to avoid re-running this script phase.\necho \"SUCCESS\" > \"${SCRIPT_OUTPUT_FILE_0}\"\n";
			showEnvVarsInLog = 0;
		};
		393CD4975FDE4284283CC1FD /* [CP] Check Pods Manifest.lock */ = {
			isa = PBXShellScriptBuildPhase;
			buildActionMask = 2147483647;
			files = (
			);
			inputFileListPaths = (
			);
			inputPaths = (
				"${PODS_PODFILE_DIR_PATH}/Podfile.lock",
				"${PODS_ROOT}/Manifest.lock",
			);
			name = "[CP] Check Pods Manifest.lock";
			outputFileListPaths = (
			);
			outputPaths = (
				"$(DERIVED_FILE_DIR)/Pods-ShouldiGo-checkManifestLockResult.txt",
			);
			runOnlyForDeploymentPostprocessing = 0;
			shellPath = /bin/sh;
			shellScript = "diff \"${PODS_PODFILE_DIR_PATH}/Podfile.lock\" \"${PODS_ROOT}/Manifest.lock\" > /dev/null\nif [ $? != 0 ] ; then\n    # print error to STDERR\n    echo \"error: The sandbox is not in sync with the Podfile.lock. Run 'pod install' or update your CocoaPods installation.\" >&2\n    exit 1\nfi\n# This output is used by Xcode 'outputs' to avoid re-running this script phase.\necho \"SUCCESS\" > \"${SCRIPT_OUTPUT_FILE_0}\"\n";
			showEnvVarsInLog = 0;
		};
		8B3311BA12CF691EB347CB9B /* [CP] Check Pods Manifest.lock */ = {
			isa = PBXShellScriptBuildPhase;
			buildActionMask = 2147483647;
			files = (
			);
			inputFileListPaths = (
			);
			inputPaths = (
				"${PODS_PODFILE_DIR_PATH}/Podfile.lock",
				"${PODS_ROOT}/Manifest.lock",
			);
			name = "[CP] Check Pods Manifest.lock";
			outputFileListPaths = (
			);
			outputPaths = (
				"$(DERIVED_FILE_DIR)/Pods-ShouldiGoTests-checkManifestLockResult.txt",
			);
			runOnlyForDeploymentPostprocessing = 0;
			shellPath = /bin/sh;
			shellScript = "diff \"${PODS_PODFILE_DIR_PATH}/Podfile.lock\" \"${PODS_ROOT}/Manifest.lock\" > /dev/null\nif [ $? != 0 ] ; then\n    # print error to STDERR\n    echo \"error: The sandbox is not in sync with the Podfile.lock. Run 'pod install' or update your CocoaPods installation.\" >&2\n    exit 1\nfi\n# This output is used by Xcode 'outputs' to avoid re-running this script phase.\necho \"SUCCESS\" > \"${SCRIPT_OUTPUT_FILE_0}\"\n";
			showEnvVarsInLog = 0;
		};
		C2063FDFB7AC6343829DC6D7 /* [CP] Embed Pods Frameworks */ = {
			isa = PBXShellScriptBuildPhase;
			buildActionMask = 2147483647;
			files = (
			);
			inputFileListPaths = (
				"${PODS_ROOT}/Target Support Files/Pods-ShouldiGo-ShouldiGoUITests/Pods-ShouldiGo-ShouldiGoUITests-frameworks-${CONFIGURATION}-input-files.xcfilelist",
			);
			name = "[CP] Embed Pods Frameworks";
			outputFileListPaths = (
				"${PODS_ROOT}/Target Support Files/Pods-ShouldiGo-ShouldiGoUITests/Pods-ShouldiGo-ShouldiGoUITests-frameworks-${CONFIGURATION}-output-files.xcfilelist",
			);
			runOnlyForDeploymentPostprocessing = 0;
			shellPath = /bin/sh;
			shellScript = "\"${PODS_ROOT}/Target Support Files/Pods-ShouldiGo-ShouldiGoUITests/Pods-ShouldiGo-ShouldiGoUITests-frameworks.sh\"\n";
			showEnvVarsInLog = 0;
		};
/* End PBXShellScriptBuildPhase section */

/* Begin PBXSourcesBuildPhase section */
		109F5F01258A0F1300B5E31C /* Sources */ = {
			isa = PBXSourcesBuildPhase;
			buildActionMask = 2147483647;
			files = (
				10A38600258A6E7500B4E14C /* HomeCell.swift in Sources */,
				10A385F3258A6DC000B4E14C /* DataSource+HomeCollectionView.swift in Sources */,
				105ADDD3258FB77200CDC7F1 /* DetailedDaysCollectionViewCell.swift in Sources */,
				105ADDE3259139B800CDC7F1 /* YelpReviewsJsonResults.swift in Sources */,
				105ADDFA25913D2100CDC7F1 /* CommentsCollectionViewDataSource.swift in Sources */,
				109F5F54258A319200B5E31C /* wheatherJsonResults.swift in Sources */,
				105ADD7E258E72F000CDC7F1 /* AutoCompleteJsonResults.swift in Sources */,
				105ADDF525913C2100CDC7F1 /* CommentsCollectionViewCell.swift in Sources */,
				105ADDFF2591466700CDC7F1 /* CommentsCollectionViewLayout.swift in Sources */,
				109F5F5E258A45A000B5E31C /* WheatherFetcher.swift in Sources */,
				105ADE0825921E7500CDC7F1 /* SavingLoadingOperation.swift in Sources */,
				105ADDE925913B9100CDC7F1 /* CommentsViewController.swift in Sources */,
				105ADDBB258FB23100CDC7F1 /* DataSource+DaysCollectionView.swift.swift in Sources */,
				10E37D9E2593A21400D9B5F3 /* CountryAutoCompletionJsonResults.swift in Sources */,
				109F5F59258A330800B5E31C /* YelpFetcher.swift in Sources */,
				105ADD36258CE16D00CDC7F1 /* CategoryCell.swift in Sources */,
				109F5F41258A130600B5E31C /* YelpAPI.swift in Sources */,
				105ADD3B258CE82800CDC7F1 /* CategoryCollectionViewLayout.swift in Sources */,
				105ADDC9258FB34900CDC7F1 /* DetailedViewController.swift in Sources */,
				10A385E7258A6C0A00B4E14C /* HomeController.swift in Sources */,
				105ADE102592238100CDC7F1 /* DataStore.swift in Sources */,
				105ADDB0258FB20900CDC7F1 /* DataSource+DayDetailsCollectionView.swift in Sources */,
				10A385FB258A6DD400B4E14C /* Delegate+HomeCollectionView.swift in Sources */,
				109F5F63258A46A600B5E31C /* WheatherAPI.swift in Sources */,
				10A38615258A8CF400B4E14C /* ModifyLayersFunctions.swift in Sources */,
				109F5F09258A0F1300B5E31C /* AppDelegate.swift in Sources */,
				105ADD9E258FAAD400CDC7F1 /* wheatherForecastResults.swift in Sources */,
				109F5F4C258A316A00B5E31C /* YelpJsonResults.swift in Sources */,
				105ADD83258E912E00CDC7F1 /* Extensions+HomeController.swift in Sources */,
				105ADDCE258FB76300CDC7F1 /* DaysCollectionViewCell.swift in Sources */,
				10A3861A258A984300B4E14C /* BusniessDataResults.swift in Sources */,
				105ADD29258CE13D00CDC7F1 /* DataSource+CategoryCollectionView.swift in Sources */,
				10A38609258A77C500B4E14C /* CollectionViewLayout.swift in Sources */,
				109F5F0B258A0F1300B5E31C /* SceneDelegate.swift in Sources */,
			);
			runOnlyForDeploymentPostprocessing = 0;
		};
		109F5F17258A0F1400B5E31C /* Sources */ = {
			isa = PBXSourcesBuildPhase;
			buildActionMask = 2147483647;
			files = (
				1013D3D6259779FA00888FBE /* APITests.swift in Sources */,
				109F5F20258A0F1400B5E31C /* ShouldiGoTests.swift in Sources */,
				1013D3DB25977AA700888FBE /* Constants.swift in Sources */,
				1013D3E32597855000888FBE /* StoreTests.swift in Sources */,
			);
			runOnlyForDeploymentPostprocessing = 0;
		};
		109F5F22258A0F1400B5E31C /* Sources */ = {
			isa = PBXSourcesBuildPhase;
			buildActionMask = 2147483647;
			files = (
				109F5F2B258A0F1400B5E31C /* ShouldiGoUITests.swift in Sources */,
			);
			runOnlyForDeploymentPostprocessing = 0;
		};
/* End PBXSourcesBuildPhase section */

/* Begin PBXTargetDependency section */
		109F5F1D258A0F1400B5E31C /* PBXTargetDependency */ = {
			isa = PBXTargetDependency;
			target = 109F5F04258A0F1300B5E31C /* ShouldiGo */;
			targetProxy = 109F5F1C258A0F1400B5E31C /* PBXContainerItemProxy */;
		};
		109F5F28258A0F1400B5E31C /* PBXTargetDependency */ = {
			isa = PBXTargetDependency;
			target = 109F5F04258A0F1300B5E31C /* ShouldiGo */;
			targetProxy = 109F5F27258A0F1400B5E31C /* PBXContainerItemProxy */;
		};
/* End PBXTargetDependency section */

/* Begin PBXVariantGroup section */
		109F5F0E258A0F1300B5E31C /* Main.storyboard */ = {
			isa = PBXVariantGroup;
			children = (
				109F5F0F258A0F1300B5E31C /* Base */,
			);
			name = Main.storyboard;
			sourceTree = "<group>";
		};
		109F5F13258A0F1400B5E31C /* LaunchScreen.storyboard */ = {
			isa = PBXVariantGroup;
			children = (
				109F5F14258A0F1400B5E31C /* Base */,
			);
			name = LaunchScreen.storyboard;
			sourceTree = "<group>";
		};
/* End PBXVariantGroup section */

/* Begin XCBuildConfiguration section */
		109F5F2D258A0F1400B5E31C /* Debug */ = {
			isa = XCBuildConfiguration;
			buildSettings = {
				ALWAYS_SEARCH_USER_PATHS = NO;
				CLANG_ANALYZER_NONNULL = YES;
				CLANG_ANALYZER_NUMBER_OBJECT_CONVERSION = YES_AGGRESSIVE;
				CLANG_CXX_LANGUAGE_STANDARD = "gnu++14";
				CLANG_CXX_LIBRARY = "libc++";
				CLANG_ENABLE_MODULES = YES;
				CLANG_ENABLE_OBJC_ARC = YES;
				CLANG_ENABLE_OBJC_WEAK = YES;
				CLANG_WARN_BLOCK_CAPTURE_AUTORELEASING = YES;
				CLANG_WARN_BOOL_CONVERSION = YES;
				CLANG_WARN_COMMA = YES;
				CLANG_WARN_CONSTANT_CONVERSION = YES;
				CLANG_WARN_DEPRECATED_OBJC_IMPLEMENTATIONS = YES;
				CLANG_WARN_DIRECT_OBJC_ISA_USAGE = YES_ERROR;
				CLANG_WARN_DOCUMENTATION_COMMENTS = YES;
				CLANG_WARN_EMPTY_BODY = YES;
				CLANG_WARN_ENUM_CONVERSION = YES;
				CLANG_WARN_INFINITE_RECURSION = YES;
				CLANG_WARN_INT_CONVERSION = YES;
				CLANG_WARN_NON_LITERAL_NULL_CONVERSION = YES;
				CLANG_WARN_OBJC_IMPLICIT_RETAIN_SELF = YES;
				CLANG_WARN_OBJC_LITERAL_CONVERSION = YES;
				CLANG_WARN_OBJC_ROOT_CLASS = YES_ERROR;
				CLANG_WARN_QUOTED_INCLUDE_IN_FRAMEWORK_HEADER = YES;
				CLANG_WARN_RANGE_LOOP_ANALYSIS = YES;
				CLANG_WARN_STRICT_PROTOTYPES = YES;
				CLANG_WARN_SUSPICIOUS_MOVE = YES;
				CLANG_WARN_UNGUARDED_AVAILABILITY = YES_AGGRESSIVE;
				CLANG_WARN_UNREACHABLE_CODE = YES;
				CLANG_WARN__DUPLICATE_METHOD_MATCH = YES;
				COPY_PHASE_STRIP = NO;
				DEBUG_INFORMATION_FORMAT = dwarf;
				ENABLE_STRICT_OBJC_MSGSEND = YES;
				ENABLE_TESTABILITY = YES;
				GCC_C_LANGUAGE_STANDARD = gnu11;
				GCC_DYNAMIC_NO_PIC = NO;
				GCC_NO_COMMON_BLOCKS = YES;
				GCC_OPTIMIZATION_LEVEL = 0;
				GCC_PREPROCESSOR_DEFINITIONS = (
					"DEBUG=1",
					"$(inherited)",
				);
				GCC_WARN_64_TO_32_BIT_CONVERSION = YES;
				GCC_WARN_ABOUT_RETURN_TYPE = YES_ERROR;
				GCC_WARN_UNDECLARED_SELECTOR = YES;
				GCC_WARN_UNINITIALIZED_AUTOS = YES_AGGRESSIVE;
				GCC_WARN_UNUSED_FUNCTION = YES;
				GCC_WARN_UNUSED_VARIABLE = YES;
				IPHONEOS_DEPLOYMENT_TARGET = 14.2;
				MTL_ENABLE_DEBUG_INFO = INCLUDE_SOURCE;
				MTL_FAST_MATH = YES;
				ONLY_ACTIVE_ARCH = YES;
				SDKROOT = iphoneos;
				SWIFT_ACTIVE_COMPILATION_CONDITIONS = DEBUG;
				SWIFT_OPTIMIZATION_LEVEL = "-Onone";
			};
			name = Debug;
		};
		109F5F2E258A0F1400B5E31C /* Release */ = {
			isa = XCBuildConfiguration;
			buildSettings = {
				ALWAYS_SEARCH_USER_PATHS = NO;
				CLANG_ANALYZER_NONNULL = YES;
				CLANG_ANALYZER_NUMBER_OBJECT_CONVERSION = YES_AGGRESSIVE;
				CLANG_CXX_LANGUAGE_STANDARD = "gnu++14";
				CLANG_CXX_LIBRARY = "libc++";
				CLANG_ENABLE_MODULES = YES;
				CLANG_ENABLE_OBJC_ARC = YES;
				CLANG_ENABLE_OBJC_WEAK = YES;
				CLANG_WARN_BLOCK_CAPTURE_AUTORELEASING = YES;
				CLANG_WARN_BOOL_CONVERSION = YES;
				CLANG_WARN_COMMA = YES;
				CLANG_WARN_CONSTANT_CONVERSION = YES;
				CLANG_WARN_DEPRECATED_OBJC_IMPLEMENTATIONS = YES;
				CLANG_WARN_DIRECT_OBJC_ISA_USAGE = YES_ERROR;
				CLANG_WARN_DOCUMENTATION_COMMENTS = YES;
				CLANG_WARN_EMPTY_BODY = YES;
				CLANG_WARN_ENUM_CONVERSION = YES;
				CLANG_WARN_INFINITE_RECURSION = YES;
				CLANG_WARN_INT_CONVERSION = YES;
				CLANG_WARN_NON_LITERAL_NULL_CONVERSION = YES;
				CLANG_WARN_OBJC_IMPLICIT_RETAIN_SELF = YES;
				CLANG_WARN_OBJC_LITERAL_CONVERSION = YES;
				CLANG_WARN_OBJC_ROOT_CLASS = YES_ERROR;
				CLANG_WARN_QUOTED_INCLUDE_IN_FRAMEWORK_HEADER = YES;
				CLANG_WARN_RANGE_LOOP_ANALYSIS = YES;
				CLANG_WARN_STRICT_PROTOTYPES = YES;
				CLANG_WARN_SUSPICIOUS_MOVE = YES;
				CLANG_WARN_UNGUARDED_AVAILABILITY = YES_AGGRESSIVE;
				CLANG_WARN_UNREACHABLE_CODE = YES;
				CLANG_WARN__DUPLICATE_METHOD_MATCH = YES;
				COPY_PHASE_STRIP = NO;
				DEBUG_INFORMATION_FORMAT = "dwarf-with-dsym";
				ENABLE_NS_ASSERTIONS = NO;
				ENABLE_STRICT_OBJC_MSGSEND = YES;
				GCC_C_LANGUAGE_STANDARD = gnu11;
				GCC_NO_COMMON_BLOCKS = YES;
				GCC_WARN_64_TO_32_BIT_CONVERSION = YES;
				GCC_WARN_ABOUT_RETURN_TYPE = YES_ERROR;
				GCC_WARN_UNDECLARED_SELECTOR = YES;
				GCC_WARN_UNINITIALIZED_AUTOS = YES_AGGRESSIVE;
				GCC_WARN_UNUSED_FUNCTION = YES;
				GCC_WARN_UNUSED_VARIABLE = YES;
				IPHONEOS_DEPLOYMENT_TARGET = 14.2;
				MTL_ENABLE_DEBUG_INFO = NO;
				MTL_FAST_MATH = YES;
				SDKROOT = iphoneos;
				SWIFT_COMPILATION_MODE = wholemodule;
				SWIFT_OPTIMIZATION_LEVEL = "-O";
				VALIDATE_PRODUCT = YES;
			};
			name = Release;
		};
		109F5F30258A0F1400B5E31C /* Debug */ = {
			isa = XCBuildConfiguration;
			baseConfigurationReference = 8796E3A4250C2FFEE26788CE /* Pods-ShouldiGo.debug.xcconfig */;
			buildSettings = {
				ASSETCATALOG_COMPILER_APPICON_NAME = AppIcon;
				ASSETCATALOG_COMPILER_GLOBAL_ACCENT_COLOR_NAME = AccentColor;
				CODE_SIGN_STYLE = Automatic;
				DEVELOPMENT_TEAM = RBJ2T4R8F4;
				INFOPLIST_FILE = ShouldiGo/Info.plist;
				LD_RUNPATH_SEARCH_PATHS = (
					"$(inherited)",
					"@executable_path/Frameworks",
				);
				PRODUCT_BUNDLE_IDENTIFIER = "Mohammed-Alzuwayyid.ShouldiGo";
				PRODUCT_NAME = "$(TARGET_NAME)";
				SWIFT_VERSION = 5.0;
				TARGETED_DEVICE_FAMILY = "1,2";
			};
			name = Debug;
		};
		109F5F31258A0F1400B5E31C /* Release */ = {
			isa = XCBuildConfiguration;
			baseConfigurationReference = F98182D6549D872F5B9B9A6E /* Pods-ShouldiGo.release.xcconfig */;
			buildSettings = {
				ASSETCATALOG_COMPILER_APPICON_NAME = AppIcon;
				ASSETCATALOG_COMPILER_GLOBAL_ACCENT_COLOR_NAME = AccentColor;
				CODE_SIGN_STYLE = Automatic;
				DEVELOPMENT_TEAM = RBJ2T4R8F4;
				INFOPLIST_FILE = ShouldiGo/Info.plist;
				LD_RUNPATH_SEARCH_PATHS = (
					"$(inherited)",
					"@executable_path/Frameworks",
				);
				PRODUCT_BUNDLE_IDENTIFIER = "Mohammed-Alzuwayyid.ShouldiGo";
				PRODUCT_NAME = "$(TARGET_NAME)";
				SWIFT_VERSION = 5.0;
				TARGETED_DEVICE_FAMILY = "1,2";
			};
			name = Release;
		};
		109F5F33258A0F1400B5E31C /* Debug */ = {
			isa = XCBuildConfiguration;
			baseConfigurationReference = 7610A16BB8F68D46A4373D02 /* Pods-ShouldiGoTests.debug.xcconfig */;
			buildSettings = {
				ALWAYS_EMBED_SWIFT_STANDARD_LIBRARIES = YES;
				BUNDLE_LOADER = "$(TEST_HOST)";
				CODE_SIGN_STYLE = Automatic;
				DEVELOPMENT_TEAM = RBJ2T4R8F4;
				INFOPLIST_FILE = ShouldiGoTests/Info.plist;
				IPHONEOS_DEPLOYMENT_TARGET = 14.2;
				LD_RUNPATH_SEARCH_PATHS = (
					"$(inherited)",
					"@executable_path/Frameworks",
					"@loader_path/Frameworks",
				);
				PRODUCT_BUNDLE_IDENTIFIER = "Mohammed-Alzuwayyid.ShouldiGoTests";
				PRODUCT_NAME = "$(TARGET_NAME)";
				SWIFT_VERSION = 5.0;
				TARGETED_DEVICE_FAMILY = "1,2";
				TEST_HOST = "$(BUILT_PRODUCTS_DIR)/ShouldiGo.app/ShouldiGo";
			};
			name = Debug;
		};
		109F5F34258A0F1400B5E31C /* Release */ = {
			isa = XCBuildConfiguration;
			baseConfigurationReference = 531EAEC4071BD76D8C2015EF /* Pods-ShouldiGoTests.release.xcconfig */;
			buildSettings = {
				ALWAYS_EMBED_SWIFT_STANDARD_LIBRARIES = YES;
				BUNDLE_LOADER = "$(TEST_HOST)";
				CODE_SIGN_STYLE = Automatic;
				DEVELOPMENT_TEAM = RBJ2T4R8F4;
				INFOPLIST_FILE = ShouldiGoTests/Info.plist;
				IPHONEOS_DEPLOYMENT_TARGET = 14.2;
				LD_RUNPATH_SEARCH_PATHS = (
					"$(inherited)",
					"@executable_path/Frameworks",
					"@loader_path/Frameworks",
				);
				PRODUCT_BUNDLE_IDENTIFIER = "Mohammed-Alzuwayyid.ShouldiGoTests";
				PRODUCT_NAME = "$(TARGET_NAME)";
				SWIFT_VERSION = 5.0;
				TARGETED_DEVICE_FAMILY = "1,2";
				TEST_HOST = "$(BUILT_PRODUCTS_DIR)/ShouldiGo.app/ShouldiGo";
			};
			name = Release;
		};
		109F5F36258A0F1400B5E31C /* Debug */ = {
			isa = XCBuildConfiguration;
			baseConfigurationReference = 53CDC48BEB295FC344B2DBE0 /* Pods-ShouldiGo-ShouldiGoUITests.debug.xcconfig */;
			buildSettings = {
				ALWAYS_EMBED_SWIFT_STANDARD_LIBRARIES = YES;
				CODE_SIGN_STYLE = Automatic;
				DEVELOPMENT_TEAM = RBJ2T4R8F4;
				INFOPLIST_FILE = ShouldiGoUITests/Info.plist;
				LD_RUNPATH_SEARCH_PATHS = (
					"$(inherited)",
					"@executable_path/Frameworks",
					"@loader_path/Frameworks",
				);
				PRODUCT_BUNDLE_IDENTIFIER = "Mohammed-Alzuwayyid.ShouldiGoUITests";
				PRODUCT_NAME = "$(TARGET_NAME)";
				SWIFT_VERSION = 5.0;
				TARGETED_DEVICE_FAMILY = "1,2";
				TEST_TARGET_NAME = ShouldiGo;
			};
			name = Debug;
		};
		109F5F37258A0F1400B5E31C /* Release */ = {
			isa = XCBuildConfiguration;
			baseConfigurationReference = 1FFF9D460F7580D0B9CB783A /* Pods-ShouldiGo-ShouldiGoUITests.release.xcconfig */;
			buildSettings = {
				ALWAYS_EMBED_SWIFT_STANDARD_LIBRARIES = YES;
				CODE_SIGN_STYLE = Automatic;
				DEVELOPMENT_TEAM = RBJ2T4R8F4;
				INFOPLIST_FILE = ShouldiGoUITests/Info.plist;
				LD_RUNPATH_SEARCH_PATHS = (
					"$(inherited)",
					"@executable_path/Frameworks",
					"@loader_path/Frameworks",
				);
				PRODUCT_BUNDLE_IDENTIFIER = "Mohammed-Alzuwayyid.ShouldiGoUITests";
				PRODUCT_NAME = "$(TARGET_NAME)";
				SWIFT_VERSION = 5.0;
				TARGETED_DEVICE_FAMILY = "1,2";
				TEST_TARGET_NAME = ShouldiGo;
			};
			name = Release;
		};
/* End XCBuildConfiguration section */

/* Begin XCConfigurationList section */
		109F5F00258A0F1300B5E31C /* Build configuration list for PBXProject "ShouldiGo" */ = {
			isa = XCConfigurationList;
			buildConfigurations = (
				109F5F2D258A0F1400B5E31C /* Debug */,
				109F5F2E258A0F1400B5E31C /* Release */,
			);
			defaultConfigurationIsVisible = 0;
			defaultConfigurationName = Release;
		};
		109F5F2F258A0F1400B5E31C /* Build configuration list for PBXNativeTarget "ShouldiGo" */ = {
			isa = XCConfigurationList;
			buildConfigurations = (
				109F5F30258A0F1400B5E31C /* Debug */,
				109F5F31258A0F1400B5E31C /* Release */,
			);
			defaultConfigurationIsVisible = 0;
			defaultConfigurationName = Release;
		};
		109F5F32258A0F1400B5E31C /* Build configuration list for PBXNativeTarget "ShouldiGoTests" */ = {
			isa = XCConfigurationList;
			buildConfigurations = (
				109F5F33258A0F1400B5E31C /* Debug */,
				109F5F34258A0F1400B5E31C /* Release */,
			);
			defaultConfigurationIsVisible = 0;
			defaultConfigurationName = Release;
		};
		109F5F35258A0F1400B5E31C /* Build configuration list for PBXNativeTarget "ShouldiGoUITests" */ = {
			isa = XCConfigurationList;
			buildConfigurations = (
				109F5F36258A0F1400B5E31C /* Debug */,
				109F5F37258A0F1400B5E31C /* Release */,
			);
			defaultConfigurationIsVisible = 0;
			defaultConfigurationName = Release;
		};
/* End XCConfigurationList section */
	};
	rootObject = 109F5EFD258A0F1300B5E31C /* Project object */;
}
